Microsoft Visual Studio Solution File, Format Version 12.00
# Visual Studio Version 17
VisualStudioVersion = 17.5.2.0
MinimumVisualStudioVersion = 10.0.40219.1
Project("{FAE04EC0-301F-11D3-BF4B-00C04F79EFBC}") = "EasArchiver", "EasArchiver.csproj", "{14A64B00-27D6-753B-DCBD-F9C5287C75DF}"
EndProject
Global
	GlobalSection(SolutionConfigurationPlatforms) = preSolution
		Debug|Any CPU = Debug|Any CPU
		Release|Any CPU = Release|Any CPU
	EndGlobalSection
	GlobalSection(ProjectConfigurationPlatforms) = postSolution
		{14A64B00-27D6-753B-DCBD-F9C5287C75DF}.Debug|Any CPU.ActiveCfg = Debug|Any CPU
		{14A64B00-27D6-753B-DCBD-F9C5287C75DF}.Debug|Any CPU.Build.0 = Debug|Any CPU
		{14A64B00-27D6-753B-DCBD-F9C5287C75DF}.Release|Any CPU.ActiveCfg = Release|Any CPU
		{14A64B00-27D6-753B-DCBD-F9C5287C75DF}.Release|Any CPU.Build.0 = Release|Any CPU
	EndGlobalSection
	GlobalSection(SolutionProperties) = preSolution
		HideSolutionNode = FALSE
	EndGlobalSection
	GlobalSection(ExtensibilityGlobals) = postSolution
		SolutionGuid = {7991BE91-1A5C-4D0C-B120-CF5757BFFEB0}
	EndGlobalSection
EndGlobal
